{
    "_readme": [
        "This file locks the dependencies of your project to a known state",
        "Read more about it at https://getcomposer.org/doc/01-basic-usage.md#installing-dependencies",
        "This file is @generated automatically"
    ],
    "content-hash": "42af3f8ce9b20f0f47fa24d67e34ccaf",
    "packages": [
        {
            "name": "ivopetkov/html5-dom-document-php",
            "version": "v2.3.0",
            "source": {
                "type": "git",
                "url": "https://github.com/ivopetkov/html5-dom-document-php.git",
                "reference": "5a6bcb7c5399be1a5e589ae7daa3759c3b58bd6f"
            },
            "dist": {
                "type": "zip",
                "url": "https://api.github.com/repos/ivopetkov/html5-dom-document-php/zipball/5a6bcb7c5399be1a5e589ae7daa3759c3b58bd6f",
                "reference": "5a6bcb7c5399be1a5e589ae7daa3759c3b58bd6f",
                "shasum": ""
            },
            "require": {
                "ext-dom": "*",
                "php": "7.0.*|7.1.*|7.2.*|7.3.*|7.4.*|8.0.*|8.1.*"
            },
            "require-dev": {
                "ivopetkov/docs-generator": "0.2.*"
            },
            "type": "library",
            "autoload": {
                "files": [
                    "autoload.php"
                ]
            },
            "notification-url": "https://packagist.org/downloads/",
            "license": [
                "MIT"
            ],
            "authors": [
                {
                    "name": "Ivo Petkov",
                    "email": "ivo@ivopetkov.com",
                    "homepage": "http://ivopetkov.com"
                }
            ],
            "description": "HTML5 DOMDocument PHP library (extends DOMDocument)",
            "support": {
                "issues": "https://github.com/ivopetkov/html5-dom-document-php/issues",
                "source": "https://github.com/ivopetkov/html5-dom-document-php/tree/v2.3.0"
            },
            "time": "2021-11-29T09:04:29+00:00"
        }
    ],
    "packages-dev": [],
    "aliases": [],
    "minimum-stability": "stable",
    "stability-flags": [],
    "prefer-stable": false,
    "prefer-lowest": false,
    "platform": [],
    "platform-dev": [],
    "plugin-api-version": "2.2.0"
}
